<?xml version="1.0" encoding="utf-8"?>
<Project ToolsVersion="4.0" xmlns="http://schemas.microsoft.com/developer/msbuild/2003">
  <ItemGroup>
    <Filter Include="Source Files">
      <UniqueIdentifier>{fa3f569b-6d24-4ef1-af46-698dbcaafc32}</UniqueIdentifier>
      <Extensions>cpp;c;cxx;rc;def;r;odl;idl;hpj;bat</Extensions>
    </Filter>
    <Filter Include="Header Files">
      <UniqueIdentifier>{b870e0d2-9c86-480d-9e04-f3ebf21a41ef}</UniqueIdentifier>
      <Extensions>h;hpp;hxx;hm;inl</Extensions>
    </Filter>
    <Filter Include="Resource Files">
      <UniqueIdentifier>{32d017e3-74fd-4596-a8e2-6d0869b01739}</UniqueIdentifier>
      <Extensions>ico;cur;bmp;dlg;rc2;rct;bin;rgs;gif;jpg;jpeg;jpe</Extensions>
    </Filter>
  </ItemGroup>
  <ItemGroup>
    <ClCompile Include="DMCamera.cpp">
      <Filter>Source Files</Filter>
    </ClCompile>
    <ClCompile Include="K2DoseFractionation.cpp">
      <Filter>Source Files</Filter>
    </ClCompile>
    <ClCompile Include="SerialEMCCD.cpp">
      <Filter>Source Files</Filter>
    </ClCompile>
    <ClCompile Include="SocketPathway.cpp">
      <Filter>Source Files</Filter>
    </ClCompile>
    <ClCompile Include="StdAfx.cpp">
      <Filter>Source Files</Filter>
    </ClCompile>
    <ClCompile Include="TemplatePlugIn.cpp">
      <Filter>Source Files</Filter>
    </ClCompile>
    <ClCompile Include="Shared\CorrectDefects.cpp">
      <Filter>Source Files</Filter>
    </ClCompile>
    <ClCompile Include="Shared\framealign.cpp">
      <Filter>Source Files</Filter>
    </ClCompile>
    <ClCompile Include="Shared\frameutil.cpp">
      <Filter>Source Files</Filter>
    </ClCompile>
    <ClCompile Include="ShrMemClient.cpp">
      <Filter>Source Files</Filter>
    </ClCompile>
  </ItemGroup>
  <ItemGroup>
    <None Include="SerialEMCCD.def">
      <Filter>Source Files</Filter>
    </None>
    <None Include="DMCamera.rgs">
      <Filter>Resource Files</Filter>
    </None>
  </ItemGroup>
  <ItemGroup>
    <Midl Include="SerialEMCCD.idl">
      <Filter>Source Files</Filter>
    </Midl>
  </ItemGroup>
  <ItemGroup>
    <ResourceCompile Include="SerialEMCCD.rc">
      <Filter>Source Files</Filter>
    </ResourceCompile>
  </ItemGroup>
  <ItemGroup>
    <ClInclude Include="DMCamera.h">
      <Filter>Header Files</Filter>
    </ClInclude>
    <ClInclude Include="K2DoseFractionation.h">
      <Filter>Header Files</Filter>
    </ClInclude>
    <ClInclude Include="Resource.h">
      <Filter>Header Files</Filter>
    </ClInclude>
    <ClInclude Include="SEMCCDDefines.h">
      <Filter>Header Files</Filter>
    </ClInclude>
    <ClInclude Include="StdAfx.h">
      <Filter>Header Files</Filter>
    </ClInclude>
    <ClInclude Include="TemplatePlugIn.h">
      <Filter>Header Files</Filter>
    </ClInclude>
    <ClInclude Include="Shared\CorrectDefects.h">
      <Filter>Header Files</Filter>
    </ClInclude>
    <ClInclude Include="Shared\framealign.h">
      <Filter>Header Files</Filter>
    </ClInclude>
    <ClInclude Include="Shared\frameutil.h">
      <Filter>Header Files</Filter>
    </ClInclude>
    <ClInclude Include="ShrMemClient.h">
      <Filter>Header Files</Filter>
    </ClInclude>
  </ItemGroup>
</Project>